{
  "name": "interop-scripts",
  "lockfileVersion": 3,
  "requires": true,
  "packages": {
    "": {
      "name": "interop-scripts",
      "devDependencies": {
        "octokit": "^5.0.5",
        "web-features": "^3.34.2",
        "yargs": "^18.1.0"
      }
    },
    "node_modules/@octokit/app": {
      "version": "16.1.4",
      "resolved": "https://registry.npmjs.org/@octokit/app/-/app-16.1.4.tgz",
      "integrity": "sha512-g70WONQyGoBgqIJtv4O0MUEfOF1iJpTfFt3qAW7HaiwiJ6k607xg/gBezCa4tuq6BpO6qXn7qvq8v9tjWtgGQg==",
      "dev": true,
      "license": "MIT",
      "dependencies": {
        "@octokit/auth-app": "^8.3.0",
        "@octokit/auth-unauthenticated": "^7.0.4",
        "@octokit/core": "^7.0.7",
        "@octokit/oauth-app": "^8.0.4",
        "@octokit/plugin-paginate-rest": "^15.0.0",
        "@octokit/types": "^17.0.0",
        "@octokit/webhooks": "^14.0.0"
      },
      "engines": {
        "node": ">= 20"
      }
    },
    "node_modules/@octokit/app/node_modules/@octokit/openapi-types": {
      "version": "28.0.0",
      "resolved": "https://registry.npmjs.org/@octokit/openapi-types/-/openapi-types-28.0.0.tgz",
      "integrity": "sha512-0rFyLuyHvIj6uuZWuDslxkowFYdPXoNIkeAv4b27dzm2Tf4vGWXnPsMcxs7d65kLdMERgP3wc1AEPlqMz8e1cQ==",
      "dev": true,
      "license": "MIT"
    },
    "node_modules/@octokit/app/node_modules/@octokit/plugin-paginate-rest": {
      "version": "15.0.0",
      "resolved": "https://registry.npmjs.org/@octokit/plugin-paginate-rest/-/plugin-paginate-rest-15.0.0.tgz",
      "integrity": "sha512-lw9A9YL5s4VPj+VEx8uMxaxQm2YTgrPDkrLEuZuu18R8TK3oPcXF4K6t52nx6xn1RcogZC9i188sAr/4XYJaQQ==",
      "dev": true,
      "license": "MIT",
      "dependencies": {
        "@octokit/types": "^17.0.0"
      },
      "engines": {
        "node": ">= 20"
      },
      "peerDependencies": {
        "@octokit/core": ">=6"
      }
    },
    "node_modules/@octokit/app/node_modules/@octokit/types": {
      "version": "17.0.0",
      "resolved": "https://registry.npmjs.org/@octokit/types/-/types-17.0.0.tgz",
      "integrity": "sha512-ByP1v7YL5SMveFPP7+sj0/ZuWCOOg/Chs4NafOMpq6WNIM/hdGY0S7C0TCGDBWu1aGmOxmUIhMx3cO+IdwYZ1Q==",
      "dev": true,
      "license": "MIT",
      "dependencies": {
        "@octokit/openapi-types": "^28.0.0"
      }
    },
    "node_modules/@octokit/auth-app": {
      "version": "8.3.1",
      "resolved": "https://registry.npmjs.org/@octokit/auth-app/-/auth-app-8.3.1.tgz",
      "integrity": "sha512-XHWxZsF4mvGTQCv7AOxgby9t9OjVO19FBuKq+QmyBxFrf+B2hR/P5j/MTF8g95bITf8cRtR17KIXThpFNqiKbg==",
      "dev": true,
      "license": "MIT",
      "dependencies": {
        "@octokit/auth-oauth-app": "^9.0.5",
        "@octokit/auth-oauth-user": "^6.0.4",
        "@octokit/request": "^10.0.16",
        "@octokit/request-error": "^7.1.2",
        "@octokit/types": "^18.0.0",
        "toad-cache": "^3.7.0",
        "universal-github-app-jwt": "^2.2.0",
        "universal-user-agent": "^7.0.0"
      },
      "engines": {
        "node": ">= 20"
      }
    },
    "node_modules/@octokit/auth-app/node_modules/@octokit/openapi-types": {
      "version": "29.0.1",
      "resolved": "https://registry.npmjs.org/@octokit/openapi-types/-/openapi-types-29.0.1.tgz",
      "integrity": "sha512-9qWOMFNxxLokERcms42rU0PTLqQmVs7g5E41TI4mCOxmpFayD1rfC7XxOL55cG9MBZLFlC31BrR37myMKardwg==",
      "dev": true,
      "license": "MIT"
    },
    "node_modules/@octokit/auth-app/node_modules/@octokit/types": {
      "version": "18.0.0",
      "resolved": "https://registry.npmjs.org/@octokit/types/-/types-18.0.0.tgz",
      "integrity": "sha512-l6bAF43PNxkJp6g+W4PjoUSSkxHomXw2nOum5CTftJz1NlV3vu93NImgOYtLf6CbBUb5j+fiuzW0PPQ5JTSvZA==",
      "dev": true,
      "license": "MIT",
      "dependencies": {
        "@octokit/openapi-types": "^29.0.1"
      }
    },
    "node_modules/@octokit/auth-oauth-app": {
      "version": "9.0.5",
      "resolved": "https://registry.npmjs.org/@octokit/auth-oauth-app/-/auth-oauth-app-9.0.5.tgz",
      "integrity": "sha512-Hn2yAlIDjFLGjAz7t+CRu7e9VYoFW1W3LLyOLyahFoJGlCf4PtDkHKtRET8w/2CJpsrC0FxIF5g5Xtx9E4O78w==",
      "dev": true,
      "license": "MIT",
      "dependencies": {
        "@octokit/auth-oauth-device": "^8.0.5",
        "@octokit/auth-oauth-user": "^6.0.4",
        "@octokit/request": "^10.0.16",
        "@octokit/types": "^18.0.0",
        "universal-user-agent": "^7.0.0"
      },
      "engines": {
        "node": ">= 20"
      }
    },
    "node_modules/@octokit/auth-oauth-app/node_modules/@octokit/openapi-types": {
      "version": "29.0.1",
      "resolved": "https://registry.npmjs.org/@octokit/openapi-types/-/openapi-types-29.0.1.tgz",
      "integrity": "sha512-9qWOMFNxxLokERcms42rU0PTLqQmVs7g5E41TI4mCOxmpFayD1rfC7XxOL55cG9MBZLFlC31BrR37myMKardwg==",
      "dev": true,
      "license": "MIT"
    },
    "node_modules/@octokit/auth-oauth-app/node_modules/@octokit/types": {
      "version": "18.0.0",
      "resolved": "https://registry.npmjs.org/@octokit/types/-/types-18.0.0.tgz",
      "integrity": "sha512-l6bAF43PNxkJp6g+W4PjoUSSkxHomXw2nOum5CTftJz1NlV3vu93NImgOYtLf6CbBUb5j+fiuzW0PPQ5JTSvZA==",
      "dev": true,
      "license": "MIT",
      "dependencies": {
        "@octokit/openapi-types": "^29.0.1"
      }
    },
    "node_modules/@octokit/auth-oauth-device": {
      "version": "8.0.5",
      "resolved": "https://registry.npmjs.org/@octokit/auth-oauth-device/-/auth-oauth-device-8.0.5.tgz",
      "integrity": "sha512-kdJtjRhykMLJrMdcoC56XUBDfoUAuWEFKpkDxwYim+bNwYw1MreLolk+PLnwEYT8djm589YepeMuJ8+ECAIzVQ==",
      "dev": true,
      "license": "MIT",
      "dependencies": {
        "@octokit/oauth-methods": "^6.0.5",
        "@octokit/request": "^10.0.16",
        "@octokit/types": "^18.0.0",
        "universal-user-agent": "^7.0.0"
      },
      "engines": {
        "node": ">= 20"
      }
    },
    "node_modules/@octokit/auth-oauth-device/node_modules/@octokit/openapi-types": {
      "version": "29.0.1",
      "resolved": "https://registry.npmjs.org/@octokit/openapi-types/-/openapi-types-29.0.1.tgz",
      "integrity": "sha512-9qWOMFNxxLokERcms42rU0PTLqQmVs7g5E41TI4mCOxmpFayD1rfC7XxOL55cG9MBZLFlC31BrR37myMKardwg==",
      "dev": true,
      "license": "MIT"
    },
    "node_modules/@octokit/auth-oauth-device/node_modules/@octokit/types": {
      "version": "18.0.0",
      "resolved": "https://registry.npmjs.org/@octokit/types/-/types-18.0.0.tgz",
      "integrity": "sha512-l6bAF43PNxkJp6g+W4PjoUSSkxHomXw2nOum5CTftJz1NlV3vu93NImgOYtLf6CbBUb5j+fiuzW0PPQ5JTSvZA==",
      "dev": true,
      "license": "MIT",
      "dependencies": {
        "@octokit/openapi-types": "^29.0.1"
      }
    },
    "node_modules/@octokit/auth-oauth-user": {
      "version": "6.0.4",
      "resolved": "https://registry.npmjs.org/@octokit/auth-oauth-user/-/auth-oauth-user-6.0.4.tgz",
      "integrity": "sha512-eya2pMJ9pCBq1jrm1Rf6J3NI+NemEpzDMLo9J/GpRoK0KgdxIVXWX4LESIfwJ+GYeoq6QFIlUJNi1lVp5FBgmw==",
      "dev": true,
      "license": "MIT",
      "dependencies": {
        "@octokit/auth-oauth-device": "^8.0.5",
        "@octokit/oauth-methods": "^6.0.5",
        "@octokit/request": "^10.0.16",
        "@octokit/types": "^18.0.0",
        "universal-user-agent": "^7.0.0"
      },
      "engines": {
        "node": ">= 20"
      }
    },
    "node_modules/@octokit/auth-oauth-user/node_modules/@octokit/openapi-types": {
      "version": "29.0.1",
      "resolved": "https://registry.npmjs.org/@octokit/openapi-types/-/openapi-types-29.0.1.tgz",
      "integrity": "sha512-9qWOMFNxxLokERcms42rU0PTLqQmVs7g5E41TI4mCOxmpFayD1rfC7XxOL55cG9MBZLFlC31BrR37myMKardwg==",
      "dev": true,
      "license": "MIT"
    },
    "node_modules/@octokit/auth-oauth-user/node_modules/@octokit/types": {
      "version": "18.0.0",
      "resolved": "https://registry.npmjs.org/@octokit/types/-/types-18.0.0.tgz",
      "integrity": "sha512-l6bAF43PNxkJp6g+W4PjoUSSkxHomXw2nOum5CTftJz1NlV3vu93NImgOYtLf6CbBUb5j+fiuzW0PPQ5JTSvZA==",
      "dev": true,
      "license": "MIT",
      "dependencies": {
        "@octokit/openapi-types": "^29.0.1"
      }
    },
    "node_modules/@octokit/auth-token": {
      "version": "6.0.0",
      "resolved": "https://registry.npmjs.org/@octokit/auth-token/-/auth-token-6.0.0.tgz",
      "integrity": "sha512-P4YJBPdPSpWTQ1NU4XYdvHvXJJDxM6YwpS0FZHRgP7YFkdVxsWcpWGy/NVqlAA7PcPCnMacXlRm1y2PFZRWL/w==",
      "dev": true,
      "license": "MIT",
      "engines": {
        "node": ">= 20"
      }
    },
    "node_modules/@octokit/auth-unauthenticated": {
      "version": "7.0.5",
      "resolved": "https://registry.npmjs.org/@octokit/auth-unauthenticated/-/auth-unauthenticated-7.0.5.tgz",
      "integrity": "sha512-KBzGMM8hRgtGKDe8JqvDdhHj+7PWHRo1qxz9pQ5WT1162DLdC6O5jL+kRFk3VfpCnEfc3bUYZ2vOwI9vx8yUXA==",
      "dev": true,
      "license": "MIT",
      "dependencies": {
        "@octokit/request-error": "^7.1.2",
        "@octokit/types": "^18.0.0"
      },
      "engines": {
        "node": ">= 20"
      }
    },
    "node_modules/@octokit/auth-unauthenticated/node_modules/@octokit/openapi-types": {
      "version": "29.0.1",
      "resolved": "https://registry.npmjs.org/@octokit/openapi-types/-/openapi-types-29.0.1.tgz",
      "integrity": "sha512-9qWOMFNxxLokERcms42rU0PTLqQmVs7g5E41TI4mCOxmpFayD1rfC7XxOL55cG9MBZLFlC31BrR37myMKardwg==",
      "dev": true,
      "license": "MIT"
    },
    "node_modules/@octokit/auth-unauthenticated/node_modules/@octokit/types": {
      "version": "18.0.0",
      "resolved": "https://registry.npmjs.org/@octokit/types/-/types-18.0.0.tgz",
      "integrity": "sha512-l6bAF43PNxkJp6g+W4PjoUSSkxHomXw2nOum5CTftJz1NlV3vu93NImgOYtLf6CbBUb5j+fiuzW0PPQ5JTSvZA==",
      "dev": true,
      "license": "MIT",
      "dependencies": {
        "@octokit/openapi-types": "^29.0.1"
      }
    },
    "node_modules/@octokit/core": {
      "version": "7.0.8",
      "resolved": "https://registry.npmjs.org/@octokit/core/-/core-7.0.8.tgz",
      "integrity": "sha512-L7y8eYc+AwxGr2PWI4WFt1VG4TiJ66c26BD16mXpYIlXxG0SMigM1+m4aTSlYyBr5BlQsGAlz8uDCoZN4SEMcg==",
      "dev": true,
      "license": "MIT",
      "dependencies": {
        "@octokit/auth-token": "^6.0.0",
        "@octokit/graphql": "^9.0.5",
        "@octokit/request": "^10.0.16",
        "@octokit/request-error": "^7.1.2",
        "@octokit/types": "^18.0.0",
        "before-after-hook": "^4.0.0",
        "universal-user-agent": "^7.0.0"
      },
      "engines": {
        "node": ">= 20"
      }
    },
    "node_modules/@octokit/core/node_modules/@octokit/openapi-types": {
      "version": "29.0.1",
      "resolved": "https://registry.npmjs.org/@octokit/openapi-types/-/openapi-types-29.0.1.tgz",
      "integrity": "sha512-9qWOMFNxxLokERcms42rU0PTLqQmVs7g5E41TI4mCOxmpFayD1rfC7XxOL55cG9MBZLFlC31BrR37myMKardwg==",
      "dev": true,
      "license": "MIT"
    },
    "node_modules/@octokit/core/node_modules/@octokit/types": {
      "version": "18.0.0",
      "resolved": "https://registry.npmjs.org/@octokit/types/-/types-18.0.0.tgz",
      "integrity": "sha512-l6bAF43PNxkJp6g+W4PjoUSSkxHomXw2nOum5CTftJz1NlV3vu93NImgOYtLf6CbBUb5j+fiuzW0PPQ5JTSvZA==",
      "dev": true,
      "license": "MIT",
      "dependencies": {
        "@octokit/openapi-types": "^29.0.1"
      }
    },
    "node_modules/@octokit/endpoint": {
      "version": "11.0.5",
      "resolved": "https://registry.npmjs.org/@octokit/endpoint/-/endpoint-11.0.5.tgz",
      "integrity": "sha512-iXa654H3yFafF/ieHkukfbgWo2rmXD2ceD0ZOtrPhw1bc3FDch1d9N/TNs0FQ1/cIbwb7kspUX8jzIs8nzb9DQ==",
      "dev": true,
      "license": "MIT",
      "dependencies": {
        "@octokit/types": "^18.0.0",
        "universal-user-agent": "^7.0.2"
      },
      "engines": {
        "node": ">= 20"
      }
    },
    "node_modules/@octokit/endpoint/node_modules/@octokit/openapi-types": {
      "version": "29.0.1",
      "resolved": "https://registry.npmjs.org/@octokit/openapi-types/-/openapi-types-29.0.1.tgz",
      "integrity": "sha512-9qWOMFNxxLokERcms42rU0PTLqQmVs7g5E41TI4mCOxmpFayD1rfC7XxOL55cG9MBZLFlC31BrR37myMKardwg==",
      "dev": true,
      "license": "MIT"
    },
    "node_modules/@octokit/endpoint/node_modules/@octokit/types": {
      "version": "18.0.0",
      "resolved": "https://registry.npmjs.org/@octokit/types/-/types-18.0.0.tgz",
      "integrity": "sha512-l6bAF43PNxkJp6g+W4PjoUSSkxHomXw2nOum5CTftJz1NlV3vu93NImgOYtLf6CbBUb5j+fiuzW0PPQ5JTSvZA==",
      "dev": true,
      "license": "MIT",
      "dependencies": {
        "@octokit/openapi-types": "^29.0.1"
      }
    },
    "node_modules/@octokit/graphql": {
      "version": "9.0.5",
      "resolved": "https://registry.npmjs.org/@octokit/graphql/-/graphql-9.0.5.tgz",
      "integrity": "sha512-bt/hm03LeU6Vy7FwTrkkC9p3XGT/lBwClglMqxBSe5/q0E5CdJTXeAqEI0vlw89/LF/G6tryTIH8HirZ3prMVg==",
      "dev": true,
      "license": "MIT",
      "dependencies": {
        "@octokit/request": "^10.0.16",
        "@octokit/types": "^18.0.0",
        "universal-user-agent": "^7.0.0"
      },
      "engines": {
        "node": ">= 20"
      }
    },
    "node_modules/@octokit/graphql/node_modules/@octokit/openapi-types": {
      "version": "29.0.1",
      "resolved": "https://registry.npmjs.org/@octokit/openapi-types/-/openapi-types-29.0.1.tgz",
      "integrity": "sha512-9qWOMFNxxLokERcms42rU0PTLqQmVs7g5E41TI4mCOxmpFayD1rfC7XxOL55cG9MBZLFlC31BrR37myMKardwg==",
      "dev": true,
      "license": "MIT"
    },
    "node_modules/@octokit/graphql/node_modules/@octokit/types": {
      "version": "18.0.0",
      "resolved": "https://registry.npmjs.org/@octokit/types/-/types-18.0.0.tgz",
      "integrity": "sha512-l6bAF43PNxkJp6g+W4PjoUSSkxHomXw2nOum5CTftJz1NlV3vu93NImgOYtLf6CbBUb5j+fiuzW0PPQ5JTSvZA==",
      "dev": true,
      "license": "MIT",
      "dependencies": {
        "@octokit/openapi-types": "^29.0.1"
      }
    },
    "node_modules/@octokit/oauth-app": {
      "version": "8.0.4",
      "resolved": "https://registry.npmjs.org/@octokit/oauth-app/-/oauth-app-8.0.4.tgz",
      "integrity": "sha512-Ji5JpRwAJcbOJkO4ij0tW6+GrQ8efpICnAca3o5xI8/HUNjqJu3hhG4cCZdXAHMKaOaQTFX0Yl+cpu61Rsx94A==",
      "dev": true,
      "license": "MIT",
      "dependencies": {
        "@octokit/auth-oauth-app": "^9.0.4",
        "@octokit/auth-oauth-user": "^6.0.3",
        "@octokit/auth-unauthenticated": "^7.0.4",
        "@octokit/core": "^7.0.7",
        "@octokit/oauth-authorization-url": "^8.0.0",
        "@octokit/oauth-methods": "^6.0.3",
        "@types/aws-lambda": "^8.10.83",
        "universal-user-agent": "^7.0.0"
      },
      "engines": {
        "node": ">= 20"
      }
    },
    "node_modules/@octokit/oauth-authorization-url": {
      "version": "8.0.0",
      "resolved": "https://registry.npmjs.org/@octokit/oauth-authorization-url/-/oauth-authorization-url-8.0.0.tgz",
      "integrity": "sha512-7QoLPRh/ssEA/HuHBHdVdSgF8xNLz/Bc5m9fZkArJE5bb6NmVkDm3anKxXPmN1zh6b5WKZPRr3697xKT/yM3qQ==",
      "dev": true,
      "license": "MIT",
      "engines": {
        "node": ">= 20"
      }
    },
    "node_modules/@octokit/oauth-methods": {
      "version": "6.0.5",
      "resolved": "https://registry.npmjs.org/@octokit/oauth-methods/-/oauth-methods-6.0.5.tgz",
      "integrity": "sha512-/mAz7taDZD7DcV4zcG6TDw3Kr6TOldmYBRpvA62C3WIxRMmcgX8XxsTvVQomqKE7VEk/BgYhUao1aR2tYGyIKg==",
      "dev": true,
      "license": "MIT",
      "dependencies": {
        "@octokit/oauth-authorization-url": "^8.0.0",
        "@octokit/request": "^10.0.16",
        "@octokit/request-error": "^7.1.2",
        "@octokit/types": "^18.0.0"
      },
      "engines": {
        "node": ">= 20"
      }
    },
    "node_modules/@octokit/oauth-methods/node_modules/@octokit/openapi-types": {
      "version": "29.0.1",
      "resolved": "https://registry.npmjs.org/@octokit/openapi-types/-/openapi-types-29.0.1.tgz",
      "integrity": "sha512-9qWOMFNxxLokERcms42rU0PTLqQmVs7g5E41TI4mCOxmpFayD1rfC7XxOL55cG9MBZLFlC31BrR37myMKardwg==",
      "dev": true,
      "license": "MIT"
    },
    "node_modules/@octokit/oauth-methods/node_modules/@octokit/types": {
      "version": "18.0.0",
      "resolved": "https://registry.npmjs.org/@octokit/types/-/types-18.0.0.tgz",
      "integrity": "sha512-l6bAF43PNxkJp6g+W4PjoUSSkxHomXw2nOum5CTftJz1NlV3vu93NImgOYtLf6CbBUb5j+fiuzW0PPQ5JTSvZA==",
      "dev": true,
      "license": "MIT",
      "dependencies": {
        "@octokit/openapi-types": "^29.0.1"
      }
    },
    "node_modules/@octokit/openapi-types": {
      "version": "27.0.0",
      "resolved": "https://registry.npmjs.org/@octokit/openapi-types/-/openapi-types-27.0.0.tgz",
      "integrity": "sha512-whrdktVs1h6gtR+09+QsNk2+FO+49j6ga1c55YZudfEG+oKJVvJLQi3zkOm5JjiUXAagWK2tI2kTGKJ2Ys7MGA==",
      "dev": true,
      "license": "MIT"
    },
    "node_modules/@octokit/openapi-webhooks-types": {
      "version": "12.1.0",
      "resolved": "https://registry.npmjs.org/@octokit/openapi-webhooks-types/-/openapi-webhooks-types-12.1.0.tgz",
      "integrity": "sha512-WiuzhOsiOvb7W3Pvmhf8d2C6qaLHXrWiLBP4nJ/4kydu+wpagV5Fkz9RfQwV2afYzv3PB+3xYgp4mAdNGjDprA==",
      "dev": true,
      "license": "MIT"
    },
    "node_modules/@octokit/plugin-paginate-graphql": {
      "version": "6.0.0",
      "resolved": "https://registry.npmjs.org/@octokit/plugin-paginate-graphql/-/plugin-paginate-graphql-6.0.0.tgz",
      "integrity": "sha512-crfpnIoFiBtRkvPqOyLOsw12XsveYuY2ieP6uYDosoUegBJpSVxGwut9sxUgFFcll3VTOTqpUf8yGd8x1OmAkQ==",
      "dev": true,
      "license": "MIT",
      "engines": {
        "node": ">= 20"
      },
      "peerDependencies": {
        "@octokit/core": ">=6"
      }
    },
    "node_modules/@octokit/plugin-paginate-rest": {
      "version": "14.0.0",
      "resolved": "https://registry.npmjs.org/@octokit/plugin-paginate-rest/-/plugin-paginate-rest-14.0.0.tgz",
      "integrity": "sha512-fNVRE7ufJiAA3XUrha2omTA39M6IXIc6GIZLvlbsm8QOQCYvpq/LkMNGyFlB1d8hTDzsAXa3OKtybdMAYsV/fw==",
      "dev": true,
      "license": "MIT",
      "dependencies": {
        "@octokit/types": "^16.0.0"
      },
      "engines": {
        "node": ">= 20"
      },
      "peerDependencies": {
        "@octokit/core": ">=6"
      }
    },
    "node_modules/@octokit/plugin-rest-endpoint-methods": {
      "version": "17.0.0",
      "resolved": "https://registry.npmjs.org/@octokit/plugin-rest-endpoint-methods/-/plugin-rest-endpoint-methods-17.0.0.tgz",
      "integrity": "sha512-B5yCyIlOJFPqUUeiD0cnBJwWJO8lkJs5d8+ze9QDP6SvfiXSz1BF+91+0MeI1d2yxgOhU/O+CvtiZ9jSkHhFAw==",
      "dev": true,
      "license": "MIT",
      "dependencies": {
        "@octokit/types": "^16.0.0"
      },
      "engines": {
        "node": ">= 20"
      },
      "peerDependencies": {
        "@octokit/core": ">=6"
      }
    },
    "node_modules/@octokit/plugin-retry": {
      "version": "8.1.1",
      "resolved": "https://registry.npmjs.org/@octokit/plugin-retry/-/plugin-retry-8.1.1.tgz",
      "integrity": "sha512-VCVvZ/R1+u3WuiBWpNavZ0mY4aaJNAsENrpBP9aLSR2QyOpQgd7DhM5j4AW7z4MQpnJYgwBPf0XqPQoNBRdQwg==",
      "dev": true,
      "license": "MIT",
      "dependencies": {
        "@octokit/request-error": "^7.1.1",
        "@octokit/types": "^17.0.0",
        "bottleneck": "^2.15.3"
      },
      "engines": {
        "node": ">= 20"
      },
      "peerDependencies": {
        "@octokit/core": ">=7"
      }
    },
    "node_modules/@octokit/plugin-retry/node_modules/@octokit/openapi-types": {
      "version": "28.0.0",
      "resolved": "https://registry.npmjs.org/@octokit/openapi-types/-/openapi-types-28.0.0.tgz",
      "integrity": "sha512-0rFyLuyHvIj6uuZWuDslxkowFYdPXoNIkeAv4b27dzm2Tf4vGWXnPsMcxs7d65kLdMERgP3wc1AEPlqMz8e1cQ==",
      "dev": true,
      "license": "MIT"
    },
    "node_modules/@octokit/plugin-retry/node_modules/@octokit/types": {
      "version": "17.0.0",
      "resolved": "https://registry.npmjs.org/@octokit/types/-/types-17.0.0.tgz",
      "integrity": "sha512-ByP1v7YL5SMveFPP7+sj0/ZuWCOOg/Chs4NafOMpq6WNIM/hdGY0S7C0TCGDBWu1aGmOxmUIhMx3cO+IdwYZ1Q==",
      "dev": true,
      "license": "MIT",
      "dependencies": {
        "@octokit/openapi-types": "^28.0.0"
      }
    },
    "node_modules/@octokit/plugin-throttling": {
      "version": "11.0.5",
      "resolved": "https://registry.npmjs.org/@octokit/plugin-throttling/-/plugin-throttling-11.0.5.tgz",
      "integrity": "sha512-LIdrkrUv+DWbKeg/49rGuFJ3SU0d3hUS+B4MhNZLepBoNUFXms8Ic9edJjrlx+zycqJHjrMRudVpVb/bAXM2Lw==",
      "dev": true,
      "license": "MIT",
      "dependencies": {
        "@octokit/types": "^17.0.0",
        "bottleneck": "^2.15.3"
      },
      "engines": {
        "node": ">= 20"
      },
      "peerDependencies": {
        "@octokit/core": "^7.0.0"
      }
    },
    "node_modules/@octokit/plugin-throttling/node_modules/@octokit/openapi-types": {
      "version": "28.0.0",
      "resolved": "https://registry.npmjs.org/@octokit/openapi-types/-/openapi-types-28.0.0.tgz",
      "integrity": "sha512-0rFyLuyHvIj6uuZWuDslxkowFYdPXoNIkeAv4b27dzm2Tf4vGWXnPsMcxs7d65kLdMERgP3wc1AEPlqMz8e1cQ==",
      "dev": true,
      "license": "MIT"
    },
    "node_modules/@octokit/plugin-throttling/node_modules/@octokit/types": {
      "version": "17.0.0",
      "resolved": "https://registry.npmjs.org/@octokit/types/-/types-17.0.0.tgz",
      "integrity": "sha512-ByP1v7YL5SMveFPP7+sj0/ZuWCOOg/Chs4NafOMpq6WNIM/hdGY0S7C0TCGDBWu1aGmOxmUIhMx3cO+IdwYZ1Q==",
      "dev": true,
      "license": "MIT",
      "dependencies": {
        "@octokit/openapi-types": "^28.0.0"
      }
    },
    "node_modules/@octokit/request": {
      "version": "10.0.16",
      "resolved": "https://registry.npmjs.org/@octokit/request/-/request-10.0.16.tgz",
      "integrity": "sha512-A0zWGjHzISIb+9ccG8s0dq7LKO5zVpJLRICjgUb+sJxEWqn8RUHB1rD3AE51+PECvXHIxqZ1VVvs4fHTSD9nUQ==",
      "dev": true,
      "license": "MIT",
      "dependencies": {
        "@octokit/endpoint": "^11.0.5",
        "@octokit/request-error": "^7.1.2",
        "@octokit/types": "^18.0.0",
        "content-type": "^3.0.0",
        "json-with-bigint": "^3.5.12",
        "universal-user-agent": "^7.0.2"
      },
      "engines": {
        "node": ">= 20"
      }
    },
    "node_modules/@octokit/request-error": {
      "version": "7.1.2",
      "resolved": "https://registry.npmjs.org/@octokit/request-error/-/request-error-7.1.2.tgz",
      "integrity": "sha512-XZRuT3xZ84D3gYErI1DZvhJ33dCWVV6uzBtWkaBB4TvA/L6eOeTZodxLFVB44bBEEo3vEx7y00UfX1tBLrtLRg==",
      "dev": true,
      "license": "MIT",
      "dependencies": {
        "@octokit/types": "^18.0.0"
      },
      "engines": {
        "node": ">= 20"
      }
    },
    "node_modules/@octokit/request-error/node_modules/@octokit/openapi-types": {
      "version": "29.0.1",
      "resolved": "https://registry.npmjs.org/@octokit/openapi-types/-/openapi-types-29.0.1.tgz",
      "integrity": "sha512-9qWOMFNxxLokERcms42rU0PTLqQmVs7g5E41TI4mCOxmpFayD1rfC7XxOL55cG9MBZLFlC31BrR37myMKardwg==",
      "dev": true,
      "license": "MIT"
    },
    "node_modules/@octokit/request-error/node_modules/@octokit/types": {
      "version": "18.0.0",
      "resolved": "https://registry.npmjs.org/@octokit/types/-/types-18.0.0.tgz",
      "integrity": "sha512-l6bAF43PNxkJp6g+W4PjoUSSkxHomXw2nOum5CTftJz1NlV3vu93NImgOYtLf6CbBUb5j+fiuzW0PPQ5JTSvZA==",
      "dev": true,
      "license": "MIT",
      "dependencies": {
        "@octokit/openapi-types": "^29.0.1"
      }
    },
    "node_modules/@octokit/request/node_modules/@octokit/openapi-types": {
      "version": "29.0.1",
      "resolved": "https://registry.npmjs.org/@octokit/openapi-types/-/openapi-types-29.0.1.tgz",
      "integrity": "sha512-9qWOMFNxxLokERcms42rU0PTLqQmVs7g5E41TI4mCOxmpFayD1rfC7XxOL55cG9MBZLFlC31BrR37myMKardwg==",
      "dev": true,
      "license": "MIT"
    },
    "node_modules/@octokit/request/node_modules/@octokit/types": {
      "version": "18.0.0",
      "resolved": "https://registry.npmjs.org/@octokit/types/-/types-18.0.0.tgz",
      "integrity": "sha512-l6bAF43PNxkJp6g+W4PjoUSSkxHomXw2nOum5CTftJz1NlV3vu93NImgOYtLf6CbBUb5j+fiuzW0PPQ5JTSvZA==",
      "dev": true,
      "license": "MIT",
      "dependencies": {
        "@octokit/openapi-types": "^29.0.1"
      }
    },
    "node_modules/@octokit/types": {
      "version": "16.0.0",
      "resolved": "https://registry.npmjs.org/@octokit/types/-/types-16.0.0.tgz",
      "integrity": "sha512-sKq+9r1Mm4efXW1FCk7hFSeJo4QKreL/tTbR0rz/qx/r1Oa2VV83LTA/H/MuCOX7uCIJmQVRKBcbmWoySjAnSg==",
      "dev": true,
      "license": "MIT",
      "dependencies": {
        "@octokit/openapi-types": "^27.0.0"
      }
    },
    "node_modules/@octokit/webhooks": {
      "version": "14.2.0",
      "resolved": "https://registry.npmjs.org/@octokit/webhooks/-/webhooks-14.2.0.tgz",
      "integrity": "sha512-da6KbdNCV5sr1/txD896V+6W0iamFWrvVl8cHkBSPT+YlvmT3DwXa4jxZnQc+gnuTEqSWbBeoSZYTayXH9wXcw==",
      "dev": true,
      "license": "MIT",
      "dependencies": {
        "@octokit/openapi-webhooks-types": "12.1.0",
        "@octokit/request-error": "^7.0.0",
        "@octokit/webhooks-methods": "^6.0.0"
      },
      "engines": {
        "node": ">= 20"
      }
    },
    "node_modules/@octokit/webhooks-methods": {
      "version": "6.0.0",
      "resolved": "https://registry.npmjs.org/@octokit/webhooks-methods/-/webhooks-methods-6.0.0.tgz",
      "integrity": "sha512-MFlzzoDJVw/GcbfzVC1RLR36QqkTLUf79vLVO3D+xn7r0QgxnFoLZgtrzxiQErAjFUOdH6fas2KeQJ1yr/qaXQ==",
      "dev": true,
      "license": "MIT",
      "engines": {
        "node": ">= 20"
      }
    },
    "node_modules/@types/aws-lambda": {
      "version": "8.10.163",
      "resolved": "https://registry.npmjs.org/@types/aws-lambda/-/aws-lambda-8.10.163.tgz",
      "integrity": "sha512-+4zuoEB3S8RIhimtOFT7zAEk2SbpwrKjjGl9CyYnQR6k08uynxfauIIB0pDU1ssr05F8oyGiETwpn+8eXZMqPw==",
      "dev": true,
      "license": "MIT"
    },
    "node_modules/ansi-regex": {
      "version": "6.3.0",
      "resolved": "https://registry.npmjs.org/ansi-regex/-/ansi-regex-6.3.0.tgz",
      "integrity": "sha512-WpDfL7NO6j7tH88IDBNVdUJxDh9nmCteAVW9dsep846XdwF4naCBK+/tGLX3KJgcpgMRXCFlTM2hKGoK9FsdrQ==",
      "dev": true,
      "license": "MIT",
      "engines": {
        "node": ">=12"
      },
      "funding": {
        "url": "https://github.com/chalk/ansi-regex?sponsor=1"
      }
    },
    "node_modules/ansi-styles": {
      "version": "6.2.1",
      "resolved": "https://registry.npmjs.org/ansi-styles/-/ansi-styles-6.2.1.tgz",
      "integrity": "sha512-bN798gFfQX+viw3R7yrGWRqnrN2oRkEkUjjl4JNn4E8GxxbjtG3FbrEIIY3l8/hrwUwIeCZvi4QuOTP4MErVug==",
      "dev": true,
      "license": "MIT",
      "engines": {
        "node": ">=12"
      },
      "funding": {
        "url": "https://github.com/chalk/ansi-styles?sponsor=1"
      }
    },
    "node_modules/before-after-hook": {
      "version": "4.0.0",
      "resolved": "https://registry.npmjs.org/before-after-hook/-/before-after-hook-4.0.0.tgz",
      "integrity": "sha512-q6tR3RPqIB1pMiTRMFcZwuG5T8vwp+vUvEG0vuI6B+Rikh5BfPp2fQ82c925FOs+b0lcFQ8CFrL+KbilfZFhOQ==",
      "dev": true,
      "license": "Apache-2.0"
    },
    "node_modules/bottleneck": {
      "version": "2.19.5",
      "resolved": "https://registry.npmjs.org/bottleneck/-/bottleneck-2.19.5.tgz",
      "integrity": "sha512-VHiNCbI1lKdl44tGrhNfU3lup0Tj/ZBMJB5/2ZbNXRCPuRCO7ed2mgcK4r17y+KB2EfuYuRaVlwNbAeaWGSpbw==",
      "dev": true,
      "license": "MIT"
    },
    "node_modules/cliui": {
      "version": "9.0.1",
      "resolved": "https://registry.npmjs.org/cliui/-/cliui-9.0.1.tgz",
      "integrity": "sha512-k7ndgKhwoQveBL+/1tqGJYNz097I7WOvwbmmU2AR5+magtbjPWQTS1C5vzGkBC8Ym8UWRzfKUzUUqFLypY4Q+w==",
      "dev": true,
      "license": "ISC",
      "dependencies": {
        "string-width": "^7.2.0",
        "strip-ansi": "^7.1.0",
        "wrap-ansi": "^9.0.0"
      },
      "engines": {
        "node": ">=20"
      }
    },
    "node_modules/content-type": {
      "version": "3.0.0",
      "resolved": "https://registry.npmjs.org/content-type/-/content-type-3.0.0.tgz",
      "integrity": "sha512-AIi5H6p0xk5uknXcN3/rmhP8jgp69OfSe/JuKiQAFprJ7UGw7mwj7m4XcmDzlrnJDG+cGpphAINGdU3g3g7kDw==",
      "dev": true,
      "license": "MIT",
      "engines": {
        "node": ">=22"
      },
      "funding": {
        "type": "opencollective",
        "url": "https://opencollective.com/express"
      }
    },
    "node_modules/emoji-regex": {
      "version": "10.4.0",
      "resolved": "https://registry.npmjs.org/emoji-regex/-/emoji-regex-10.4.0.tgz",
      "integrity": "sha512-EC+0oUMY1Rqm4O6LLrgjtYDvcVYTy7chDnM4Q7030tP4Kwj3u/pR6gP9ygnp2CJMK5Gq+9Q2oqmrFJAz01DXjw==",
      "dev": true,
      "license": "MIT"
    },
    "node_modules/escalade": {
      "version": "3.2.0",
      "resolved": "https://registry.npmjs.org/escalade/-/escalade-3.2.0.tgz",
      "integrity": "sha512-WUj2qlxaQtO4g6Pq5c29GTcWGDyd8itL8zTlipgECz3JesAiiOKotd8JU6otB3PACgG6xkJUyVhboMS+bje/jA==",
      "dev": true,
      "license": "MIT",
      "engines": {
        "node": ">=6"
      }
    },
    "node_modules/get-caller-file": {
      "version": "2.0.5",
      "resolved": "https://registry.npmjs.org/get-caller-file/-/get-caller-file-2.0.5.tgz",
      "integrity": "sha512-DyFP3BM/3YHTQOCUL/w0OZHR0lpKeGrxotcHWcqNEdnltqFwXVfhEBQ94eIo34AfQpo0rGki4cyIiftY06h2Fg==",
      "dev": true,
      "license": "ISC",
      "engines": {
        "node": "6.* || 8.* || >= 10.*"
      }
    },
    "node_modules/get-east-asian-width": {
      "version": "1.6.0",
      "resolved": "https://registry.npmjs.org/get-east-asian-width/-/get-east-asian-width-1.6.0.tgz",
      "integrity": "sha512-QRbvDIbx6YklUe6RxeTeleMR0yv3cYH6PsPZHcnVn7xv7zO1BHN8r0XETu8n6Ye3Q+ahtSarc3WgtNWmehIBfA==",
      "dev": true,
      "license": "MIT",
      "engines": {
        "node": ">=18"
      },
      "funding": {
        "url": "https://github.com/sponsors/sindresorhus"
      }
    },
    "node_modules/json-with-bigint": {
      "version": "3.5.12",
      "resolved": "https://registry.npmjs.org/json-with-bigint/-/json-with-bigint-3.5.12.tgz",
      "integrity": "sha512-uwbF/wSSuOgC7qqlq27Xp5B6a2MHVug3t0idZdTqu0JnlFvgJuH7ju+KAk/J06C7GfhoYy2gnb9wz2INqcne7w==",
      "dev": true,
      "license": "MIT"
    },
    "node_modules/octokit": {
      "version": "5.0.5",
      "resolved": "https://registry.npmjs.org/octokit/-/octokit-5.0.5.tgz",
      "integrity": "sha512-4+/OFSqOjoyULo7eN7EA97DE0Xydj/PW5aIckxqQIoFjFwqXKuFCvXUJObyJfBF9Khu4RL/jlDRI9FPaMGfPnw==",
      "dev": true,
      "license": "MIT",
      "dependencies": {
        "@octokit/app": "^16.1.2",
        "@octokit/core": "^7.0.6",
        "@octokit/oauth-app": "^8.0.3",
        "@octokit/plugin-paginate-graphql": "^6.0.0",
        "@octokit/plugin-paginate-rest": "^14.0.0",
        "@octokit/plugin-rest-endpoint-methods": "^17.0.0",
        "@octokit/plugin-retry": "^8.0.3",
        "@octokit/plugin-throttling": "^11.0.3",
        "@octokit/request-error": "^7.0.2",
        "@octokit/types": "^16.0.0",
        "@octokit/webhooks": "^14.0.0"
      },
      "engines": {
        "node": ">= 20"
      }
    },
    "node_modules/string-width": {
      "version": "7.2.0",
      "resolved": "https://registry.npmjs.org/string-width/-/string-width-7.2.0.tgz",
      "integrity": "sha512-tsaTIkKW9b4N+AEj+SVA+WhJzV7/zMhcSu78mLKWSk7cXMOSHsBKFWUs0fWwq8QyK3MgJBQRX6Gbi4kYbdvGkQ==",
      "dev": true,
      "license": "MIT",
      "dependencies": {
        "emoji-regex": "^10.3.0",
        "get-east-asian-width": "^1.0.0",
        "strip-ansi": "^7.1.0"
      },
      "engines": {
        "node": ">=18"
      },
      "funding": {
        "url": "https://github.com/sponsors/sindresorhus"
      }
    },
    "node_modules/strip-ansi": {
      "version": "7.2.0",
      "resolved": "https://registry.npmjs.org/strip-ansi/-/strip-ansi-7.2.0.tgz",
      "integrity": "sha512-yDPMNjp4WyfYBkHnjIRLfca1i6KMyGCtsVgoKe/z1+6vukgaENdgGBZt+ZmKPc4gavvEZ5OgHfHdrazhgNyG7w==",
      "dev": true,
      "license": "MIT",
      "dependencies": {
        "ansi-regex": "^6.2.2"
      },
      "engines": {
        "node": ">=12"
      },
      "funding": {
        "url": "https://github.com/chalk/strip-ansi?sponsor=1"
      }
    },
    "node_modules/toad-cache": {
      "version": "3.7.4",
      "resolved": "https://registry.npmjs.org/toad-cache/-/toad-cache-3.7.4.tgz",
      "integrity": "sha512-m1TdR/rvT7kgGJZhspNtXdsdYk0fddFpJJFlG5s+UkPFo6lkLoZ3YLOaovPYjq1R75NP5JfeTlSHaOsE09peCg==",
      "dev": true,
      "license": "MIT",
      "engines": {
        "node": ">=20"
      }
    },
    "node_modules/universal-github-app-jwt": {
      "version": "2.2.2",
      "resolved": "https://registry.npmjs.org/universal-github-app-jwt/-/universal-github-app-jwt-2.2.2.tgz",
      "integrity": "sha512-dcmbeSrOdTnsjGjUfAlqNDJrhxXizjAz94ija9Qw8YkZ1uu0d+GoZzyH+Jb9tIIqvGsadUfwg+22k5aDqqwzbw==",
      "dev": true,
      "license": "MIT"
    },
    "node_modules/universal-user-agent": {
      "version": "7.0.3",
      "resolved": "https://registry.npmjs.org/universal-user-agent/-/universal-user-agent-7.0.3.tgz",
      "integrity": "sha512-TmnEAEAsBJVZM/AADELsK76llnwcf9vMKuPz8JflO1frO8Lchitr0fNaN9d+Ap0BjKtqWqd/J17qeDnXh8CL2A==",
      "dev": true,
      "license": "ISC"
    },
    "node_modules/web-features": {
      "version": "3.34.2",
      "resolved": "https://registry.npmjs.org/web-features/-/web-features-3.34.2.tgz",
      "integrity": "sha512-1/prthzNwl/ITxBgFuKUCJ1ezWxZDM8rhz/VIBCD6zMEv5STMDQxgf05IfYxmJvFBTTLONaTDUk7umPkhUHmpw==",
      "dev": true,
      "license": "Apache-2.0"
    },
    "node_modules/wrap-ansi": {
      "version": "9.0.0",
      "resolved": "https://registry.npmjs.org/wrap-ansi/-/wrap-ansi-9.0.0.tgz",
      "integrity": "sha512-G8ura3S+3Z2G+mkgNRq8dqaFZAuxfsxpBB8OCTGRTCtp+l/v9nbFNmCUP1BZMts3G1142MsZfn6eeUKrr4PD1Q==",
      "dev": true,
      "license": "MIT",
      "dependencies": {
        "ansi-styles": "^6.2.1",
        "string-width": "^7.0.0",
        "strip-ansi": "^7.1.0"
      },
      "engines": {
        "node": ">=18"
      },
      "funding": {
        "url": "https://github.com/chalk/wrap-ansi?sponsor=1"
      }
    },
    "node_modules/y18n": {
      "version": "5.0.8",
      "resolved": "https://registry.npmjs.org/y18n/-/y18n-5.0.8.tgz",
      "integrity": "sha512-0pfFzegeDWJHJIAmTLRP2DwHjdF5s7jo9tuztdQxAhINCdvS+3nGINqPd00AphqJR/0LhANUS6/+7SCb98YOfA==",
      "dev": true,
      "license": "ISC",
      "engines": {
        "node": ">=10"
      }
    },
    "node_modules/yargs": {
      "version": "18.1.0",
      "resolved": "https://registry.npmjs.org/yargs/-/yargs-18.1.0.tgz",
      "integrity": "sha512-2rAgRKu54VsHkqI0/tYkmluGXHD4KW7yZoycuqDQ15QOTnc2VVfy0nN/1eMhnQLO00A+dwtK20xuCnc1YGeUyg==",
      "dev": true,
      "license": "MIT",
      "dependencies": {
        "cliui": "^9.0.1",
        "escalade": "^3.1.1",
        "get-caller-file": "^2.0.5",
        "string-width": "^8.2.1",
        "y18n": "^5.0.5",
        "yargs-parser": "^22.0.0"
      },
      "engines": {
        "node": "^20.19.0 || ^22.12.0 || >=23"
      }
    },
    "node_modules/yargs-parser": {
      "version": "22.0.0",
      "resolved": "https://registry.npmjs.org/yargs-parser/-/yargs-parser-22.0.0.tgz",
      "integrity": "sha512-rwu/ClNdSMpkSrUb+d6BRsSkLUq1fmfsY6TOpYzTwvwkg1/NRG85KBy3kq++A8LKQwX6lsu+aWad+2khvuXrqw==",
      "dev": true,
      "license": "ISC",
      "engines": {
        "node": "^20.19.0 || ^22.12.0 || >=23"
      }
    },
    "node_modules/yargs/node_modules/string-width": {
      "version": "8.2.2",
      "resolved": "https://registry.npmjs.org/string-width/-/string-width-8.2.2.tgz",
      "integrity": "sha512-GaPUh5gfdrYzqeVNZvUfT23vYYxXzKYidUcnMtJg/3rxRV63EFZy3k6xfKlmfeJD0176lnUV/Usr3XcwSvFzpg==",
      "dev": true,
      "license": "MIT",
      "dependencies": {
        "get-east-asian-width": "^1.5.0",
        "strip-ansi": "^7.1.2"
      },
      "engines": {
        "node": ">=20"
      },
      "funding": {
        "url": "https://github.com/sponsors/sindresorhus"
      }
    }
  }
}
